
Microsoft Visual Studio Solution File, Format Version 12.00
Project("{FAE04EC0-301F-11D3-BF4B-00C04F79EFBC}") = "TechTest", "TechTest\TechTest.csproj", "{1B5CE405-57EF-4CC7-B5B7-AFE4748D83E1}"
EndProject
Project("{FAE04EC0-301F-11D3-BF4B-00C04F79EFBC}") = "TechTest.Tests", "TechTest.Tests\TechTest.Tests.csproj", "{65C1C17B-D732-45BF-8348-770A0390BAAA}"
EndProject
Global
	GlobalSection(SolutionConfigurationPlatforms) = preSolution
		Debug|Any CPU = Debug|Any CPU
		Release|Any CPU = Release|Any CPU
	EndGlobalSection
	GlobalSection(ProjectConfigurationPlatforms) = postSolution
		{1B5CE405-57EF-4CC7-B5B7-AFE4748D83E1}.Debug|Any CPU.ActiveCfg = Debug|Any CPU
		{1B5CE405-57EF-4CC7-B5B7-AFE4748D83E1}.Debug|Any CPU.Build.0 = Debug|Any CPU
		{1B5CE405-57EF-4CC7-B5B7-AFE4748D83E1}.Release|Any CPU.ActiveCfg = Release|Any CPU
		{1B5CE405-57EF-4CC7-B5B7-AFE4748D83E1}.Release|Any CPU.Build.0 = Release|Any CPU
		{65C1C17B-D732-45BF-8348-770A0390BAAA}.Debug|Any CPU.ActiveCfg = Debug|Any CPU
		{65C1C17B-D732-45BF-8348-770A0390BAAA}.Debug|Any CPU.Build.0 = Debug|Any CPU
		{65C1C17B-D732-45BF-8348-770A0390BAAA}.Release|Any CPU.ActiveCfg = Release|Any CPU
		{65C1C17B-D732-45BF-8348-770A0390BAAA}.Release|Any CPU.Build.0 = Release|Any CPU
	EndGlobalSection
EndGlobal
